
Microsoft Visual Studio Solution File, Format Version 12.00
# Visual Studio Version 16
VisualStudioVersion = 16.0.31112.23
MinimumVisualStudioVersion = 10.0.40219.1
Project("{9A19103F-16F7-4668-BE54-9A1E7A4F7556}") = "Chess", "Szachy\Chess.csproj", "{2AD0A67F-4339-46EF-8123-794A7A52A870}"
EndProject
Global
	GlobalSection(SolutionConfigurationPlatforms) = preSolution
		Debug|Any CPU = Debug|Any CPU
		Release|Any CPU = Release|Any CPU
	EndGlobalSection
	GlobalSection(ProjectConfigurationPlatforms) = postSolution
		{2AD0A67F-4339-46EF-8123-794A7A52A870}.Debug|Any CPU.ActiveCfg = Debug|Any CPU
		{2AD0A67F-4339-46EF-8123-794A7A52A870}.Debug|Any CPU.Build.0 = Debug|Any CPU
		{2AD0A67F-4339-46EF-8123-794A7A52A870}.Release|Any CPU.ActiveCfg = Release|Any CPU
		{2AD0A67F-4339-46EF-8123-794A7A52A870}.Release|Any CPU.Build.0 = Release|Any CPU
	EndGlobalSection
	GlobalSection(SolutionProperties) = preSolution
		HideSolutionNode = FALSE
	EndGlobalSection
	GlobalSection(ExtensibilityGlobals) = postSolution
		SolutionGuid = {78BBD592-BBEF-49CB-82F9-A3DF8B186CBB}
	EndGlobalSection
EndGlobal
